<?xml version="1.0" encoding="UTF-8"?>
<!DOCTYPE plist PUBLIC "-//Apple//DTD PLIST 1.0//EN" "http://www.apple.com/DTDs/PropertyList-1.0.dtd">
<plist version="1.0">
<dict>
	<key>archiveVersion</key>
	<string>1</string>
	<key>classes</key>
	<dict/>
	<key>objectVersion</key>
	<string>46</string>
	<key>objects</key>
	<dict>
		<key>8C4481AE09B258E26FB63EFE</key>
		<dict>
			<key>buildActionMask</key>
			<string>2147483647</string>
			<key>files</key>
			<array/>
			<key>inputPaths</key>
			<array/>
			<key>isa</key>
			<string>PBXShellScriptBuildPhase</string>
			<key>name</key>
			<string>Embed Pods Frameworks</string>
			<key>outputPaths</key>
			<array/>
			<key>runOnlyForDeploymentPostprocessing</key>
			<string>0</string>
			<key>shellPath</key>
			<string>/bin/sh</string>
			<key>shellScript</key>
			<string>"${SRCROOT}/Pods/Target Support Files/Pods-DEEJ/Pods-DEEJ-frameworks.sh"
</string>
			<key>showEnvVarsInLog</key>
			<string>0</string>
		</dict>
		<key>A22BBA09001DCC1CA30B2D96</key>
		<dict>
			<key>children</key>
			<array>
				<string>CFADAB34EE1AC2085035BC12</string>
			</array>
			<key>isa</key>
			<string>PBXGroup</string>
			<key>name</key>
			<string>Frameworks</string>
			<key>sourceTree</key>
			<string>&lt;group&gt;</string>
		</dict>
		<key>B2225DA41CD462D900989BA9</key>
		<dict>
			<key>children</key>
			<array>
				<string>B2225DCA1CD4673B00989BA9</string>
				<string>B2225DC81CD4673200989BA9</string>
				<string>B2225DAF1CD462D900989BA9</string>
				<string>B2225DAE1CD462D900989BA9</string>
				<string>F4FA3BA5FC4FFBE8AFFFBC44</string>
				<string>A22BBA09001DCC1CA30B2D96</string>
			</array>
			<key>isa</key>
			<string>PBXGroup</string>
			<key>sourceTree</key>
			<string>&lt;group&gt;</string>
		</dict>
		<key>B2225DA51CD462D900989BA9</key>
		<dict>
			<key>attributes</key>
			<dict>
				<key>LastSwiftUpdateCheck</key>
				<string>0730</string>
				<key>LastUpgradeCheck</key>
				<string>0730</string>
				<key>ORGANIZATIONNAME</key>
				<string>Killian Jackson</string>
				<key>TargetAttributes</key>
				<dict>
					<key>B2225DAC1CD462D900989BA9</key>
					<dict>
						<key>CreatedOnToolsVersion</key>
						<string>7.3</string>
						<key>DevelopmentTeam</key>
						<string>4N8AC86529</string>
					</dict>
				</dict>
			</dict>
			<key>buildConfigurationList</key>
			<string>B2225DA81CD462D900989BA9</string>
			<key>compatibilityVersion</key>
			<string>Xcode 3.2</string>
			<key>developmentRegion</key>
			<string>English</string>
			<key>hasScannedForEncodings</key>
			<string>0</string>
			<key>isa</key>
			<string>PBXProject</string>
			<key>knownRegions</key>
			<array>
				<string>en</string>
				<string>Base</string>
			</array>
			<key>mainGroup</key>
			<string>B2225DA41CD462D900989BA9</string>
			<key>productRefGroup</key>
			<string>B2225DAE1CD462D900989BA9</string>
			<key>projectDirPath</key>
			<string></string>
			<key>projectReferences</key>
			<array/>
			<key>projectRoot</key>
			<string></string>
			<key>targets</key>
			<array>
				<string>B2225DAC1CD462D900989BA9</string>
			</array>
		</dict>
		<key>B2225DA81CD462D900989BA9</key>
		<dict>
			<key>buildConfigurations</key>
			<array>
				<string>B2225DC01CD462D900989BA9</string>
				<string>B2225DC11CD462D900989BA9</string>
			</array>
			<key>defaultConfigurationIsVisible</key>
			<string>0</string>
			<key>defaultConfigurationName</key>
			<string>Release</string>
			<key>isa</key>
			<string>XCConfigurationList</string>
		</dict>
		<key>B2225DA91CD462D900989BA9</key>
		<dict>
			<key>buildActionMask</key>
			<string>2147483647</string>
			<key>files</key>
			<array>
				<string>B2225DB31CD462D900989BA9</string>
				<string>B2225DB91CD462D900989BA9</string>
				<string>B2225DB11CD462D900989BA9</string>
				<string>B27A72121CD5B5B800DB0C10</string>
				<string>B2225DD91CD48E7800989BA9</string>
				<string>B27A720A1CD55FAC00DB0C10</string>
				<string>B2225DDB1CD494E900989BA9</string>
				<string>B27A72081CD5581500DB0C10</string>
				<string>B27A72031CD54E9D00DB0C10</string>
				<string>B27A72011CD52B8B00DB0C10</string>
				<string>B27A72061CD557BD00DB0C10</string>
			</array>
			<key>isa</key>
			<string>PBXSourcesBuildPhase</string>
			<key>runOnlyForDeploymentPostprocessing</key>
			<string>0</string>
		</dict>
		<key>B2225DAA1CD462D900989BA9</key>
		<dict>
			<key>buildActionMask</key>
			<string>2147483647</string>
			<key>files</key>
			<array>
				<string>B2225DCB1CD4673B00989BA9</string>
				<string>B27A720F1CD5644B00DB0C10</string>
				<string>B2225DC91CD4673200989BA9</string>
				<string>BC352F838EB56CAAB9B92C64</string>
			</array>
			<key>isa</key>
			<string>PBXFrameworksBuildPhase</string>
			<key>runOnlyForDeploymentPostprocessing</key>
			<string>0</string>
		</dict>
		<key>B2225DAB1CD462D900989BA9</key>
		<dict>
			<key>buildActionMask</key>
			<string>2147483647</string>
			<key>files</key>
			<array>
				<string>B2225DD51CD486A200989BA9</string>
				<string>B2225DBE1CD462D900989BA9</string>
				<string>B2225DBB1CD462D900989BA9</string>
				<string>B2225DB61CD462D900989BA9</string>
				<string>B2225DD71CD486A200989BA9</string>
				<string>B2225DD61CD486A200989BA9</string>
				<string>B2225DD41CD486A200989BA9</string>
			</array>
			<key>isa</key>
			<string>PBXResourcesBuildPhase</string>
			<key>runOnlyForDeploymentPostprocessing</key>
			<string>0</string>
		</dict>
		<key>B2225DAC1CD462D900989BA9</key>
		<dict>
			<key>buildConfigurationList</key>
			<string>B2225DC21CD462D900989BA9</string>
			<key>buildPhases</key>
			<array>
				<string>C4F7FF6B5AF5317AA18355AB</string>
				<string>B2225DA91CD462D900989BA9</string>
				<string>B2225DAA1CD462D900989BA9</string>
				<string>B2225DAB1CD462D900989BA9</string>
				<string>8C4481AE09B258E26FB63EFE</string>
				<string>BAC97AFE4C9ABEE757E568AB</string>
			</array>
			<key>buildRules</key>
			<array/>
			<key>dependencies</key>
			<array/>
			<key>isa</key>
			<string>PBXNativeTarget</string>
			<key>name</key>
			<string>DEEJ</string>
			<key>productName</key>
			<string>DEEJ</string>
			<key>productReference</key>
			<string>B2225DAD1CD462D900989BA9</string>
			<key>productType</key>
			<string>com.apple.product-type.application</string>
		</dict>
		<key>B2225DAD1CD462D900989BA9</key>
		<dict>
			<key>explicitFileType</key>
			<string>wrapper.application</string>
			<key>includeInIndex</key>
			<string>0</string>
			<key>isa</key>
			<string>PBXFileReference</string>
			<key>path</key>
			<string>DEEJ.app</string>
			<key>sourceTree</key>
			<string>BUILT_PRODUCTS_DIR</string>
		</dict>
		<key>B2225DAE1CD462D900989BA9</key>
		<dict>
			<key>children</key>
			<array>
				<string>B2225DAD1CD462D900989BA9</string>
			</array>
			<key>isa</key>
			<string>PBXGroup</string>
			<key>name</key>
			<string>Products</string>
			<key>sourceTree</key>
			<string>&lt;group&gt;</string>
		</dict>
		<key>B2225DAF1CD462D900989BA9</key>
		<dict>
			<key>children</key>
			<array>
				<string>B27A72041CD557A500DB0C10</string>
				<string>B2225DCE1CD4865000989BA9</string>
				<string>B2225DCD1CD4864700989BA9</string>
				<string>B2225DCF1CD4865400989BA9</string>
				<string>B2225DCC1CD4863300989BA9</string>
				<string>B2225DB01CD462D900989BA9</string>
				<string>B27A72101CD5655500DB0C10</string>
				<string>B2225DB41CD462D900989BA9</string>
				<string>B2225DBA1CD462D900989BA9</string>
				<string>B2225DBC1CD462D900989BA9</string>
				<string>B2225DBF1CD462D900989BA9</string>
				<string>B2225DB71CD462D900989BA9</string>
				<string>B2225DC51CD4642C00989BA9</string>
			</array>
			<key>isa</key>
			<string>PBXGroup</string>
			<key>path</key>
			<string>DEEJ</string>
			<key>sourceTree</key>
			<string>&lt;group&gt;</string>
		</dict>
		<key>B2225DB01CD462D900989BA9</key>
		<dict>
			<key>isa</key>
			<string>PBXFileReference</string>
			<key>lastKnownFileType</key>
			<string>sourcecode.swift</string>
			<key>path</key>
			<string>AppDelegate.swift</string>
			<key>sourceTree</key>
			<string>&lt;group&gt;</string>
		</dict>
		<key>B2225DB11CD462D900989BA9</key>
		<dict>
			<key>fileRef</key>
			<string>B2225DB01CD462D900989BA9</string>
			<key>isa</key>
			<string>PBXBuildFile</string>
		</dict>
		<key>B2225DB21CD462D900989BA9</key>
		<dict>
			<key>isa</key>
			<string>PBXFileReference</string>
			<key>lastKnownFileType</key>
			<string>sourcecode.swift</string>
			<key>path</key>
			<string>StreamsViewController.swift</string>
			<key>sourceTree</key>
			<string>&lt;group&gt;</string>
		</dict>
		<key>B2225DB31CD462D900989BA9</key>
		<dict>
			<key>fileRef</key>
			<string>B2225DB21CD462D900989BA9</string>
			<key>isa</key>
			<string>PBXBuildFile</string>
		</dict>
		<key>B2225DB41CD462D900989BA9</key>
		<dict>
			<key>children</key>
			<array>
				<string>B2225DB51CD462D900989BA9</string>
			</array>
			<key>isa</key>
			<string>PBXVariantGroup</string>
			<key>name</key>
			<string>Main.storyboard</string>
			<key>sourceTree</key>
			<string>&lt;group&gt;</string>
		</dict>
		<key>B2225DB51CD462D900989BA9</key>
		<dict>
			<key>isa</key>
			<string>PBXFileReference</string>
			<key>lastKnownFileType</key>
			<string>file.storyboard</string>
			<key>name</key>
			<string>Base</string>
			<key>path</key>
			<string>Base.lproj/Main.storyboard</string>
			<key>sourceTree</key>
			<string>&lt;group&gt;</string>
		</dict>
		<key>B2225DB61CD462D900989BA9</key>
		<dict>
			<key>fileRef</key>
			<string>B2225DB41CD462D900989BA9</string>
			<key>isa</key>
			<string>PBXBuildFile</string>
		</dict>
		<key>B2225DB71CD462D900989BA9</key>
		<dict>
			<key>children</key>
			<array>
				<string>B2225DB81CD462D900989BA9</string>
			</array>
			<key>currentVersion</key>
			<string>B2225DB81CD462D900989BA9</string>
			<key>isa</key>
			<string>XCVersionGroup</string>
			<key>path</key>
			<string>DEEJ.xcdatamodeld</string>
			<key>sourceTree</key>
			<string>&lt;group&gt;</string>
			<key>versionGroupType</key>
			<string>wrapper.xcdatamodel</string>
		</dict>
		<key>B2225DB81CD462D900989BA9</key>
		<dict>
			<key>isa</key>
			<string>PBXFileReference</string>
			<key>lastKnownFileType</key>
			<string>wrapper.xcdatamodel</string>
			<key>path</key>
			<string>DEEJ.xcdatamodel</string>
			<key>sourceTree</key>
			<string>&lt;group&gt;</string>
		</dict>
		<key>B2225DB91CD462D900989BA9</key>
		<dict>
			<key>fileRef</key>
			<string>B2225DB71CD462D900989BA9</string>
			<key>isa</key>
			<string>PBXBuildFile</string>
		</dict>
		<key>B2225DBA1CD462D900989BA9</key>
		<dict>
			<key>isa</key>
			<string>PBXFileReference</string>
			<key>lastKnownFileType</key>
			<string>folder.assetcatalog</string>
			<key>path</key>
			<string>Assets.xcassets</string>
			<key>sourceTree</key>
			<string>&lt;group&gt;</string>
		</dict>
		<key>B2225DBB1CD462D900989BA9</key>
		<dict>
			<key>fileRef</key>
			<string>B2225DBA1CD462D900989BA9</string>
			<key>isa</key>
			<string>PBXBuildFile</string>
		</dict>
		<key>B2225DBC1CD462D900989BA9</key>
		<dict>
			<key>children</key>
			<array>
				<string>B2225DBD1CD462D900989BA9</string>
			</array>
			<key>isa</key>
			<string>PBXVariantGroup</string>
			<key>name</key>
			<string>LaunchScreen.storyboard</string>
			<key>sourceTree</key>
			<string>&lt;group&gt;</string>
		</dict>
		<key>B2225DBD1CD462D900989BA9</key>
		<dict>
			<key>isa</key>
			<string>PBXFileReference</string>
			<key>lastKnownFileType</key>
			<string>file.storyboard</string>
			<key>name</key>
			<string>Base</string>
			<key>path</key>
			<string>Base.lproj/LaunchScreen.storyboard</string>
			<key>sourceTree</key>
			<string>&lt;group&gt;</string>
		</dict>
		<key>B2225DBE1CD462D900989BA9</key>
		<dict>
			<key>fileRef</key>
			<string>B2225DBC1CD462D900989BA9</string>
			<key>isa</key>
			<string>PBXBuildFile</string>
		</dict>
		<key>B2225DBF1CD462D900989BA9</key>
		<dict>
			<key>isa</key>
			<string>PBXFileReference</string>
			<key>lastKnownFileType</key>
			<string>text.plist.xml</string>
			<key>path</key>
			<string>Info.plist</string>
			<key>sourceTree</key>
			<string>&lt;group&gt;</string>
		</dict>
		<key>B2225DC01CD462D900989BA9</key>
		<dict>
			<key>buildSettings</key>
			<dict>
				<key>ALWAYS_SEARCH_USER_PATHS</key>
				<string>NO</string>
				<key>CLANG_ANALYZER_NONNULL</key>
				<string>YES</string>
				<key>CLANG_CXX_LANGUAGE_STANDARD</key>
				<string>gnu++0x</string>
				<key>CLANG_CXX_LIBRARY</key>
				<string>libc++</string>
				<key>CLANG_ENABLE_MODULES</key>
				<string>YES</string>
				<key>CLANG_ENABLE_OBJC_ARC</key>
				<string>YES</string>
				<key>CLANG_WARN_BOOL_CONVERSION</key>
				<string>YES</string>
				<key>CLANG_WARN_CONSTANT_CONVERSION</key>
				<string>YES</string>
				<key>CLANG_WARN_DIRECT_OBJC_ISA_USAGE</key>
				<string>YES_ERROR</string>
				<key>CLANG_WARN_EMPTY_BODY</key>
				<string>YES</string>
				<key>CLANG_WARN_ENUM_CONVERSION</key>
				<string>YES</string>
				<key>CLANG_WARN_INT_CONVERSION</key>
				<string>YES</string>
				<key>CLANG_WARN_OBJC_ROOT_CLASS</key>
				<string>YES_ERROR</string>
				<key>CLANG_WARN_UNREACHABLE_CODE</key>
				<string>YES</string>
				<key>CLANG_WARN__DUPLICATE_METHOD_MATCH</key>
				<string>YES</string>
				<key>CODE_SIGN_IDENTITY[sdk=iphoneos*]</key>
				<string>iPhone Developer</string>
				<key>COPY_PHASE_STRIP</key>
				<string>NO</string>
				<key>DEBUG_INFORMATION_FORMAT</key>
				<string>dwarf</string>
				<key>ENABLE_STRICT_OBJC_MSGSEND</key>
				<string>YES</string>
				<key>ENABLE_TESTABILITY</key>
				<string>YES</string>
				<key>GCC_C_LANGUAGE_STANDARD</key>
				<string>gnu99</string>
				<key>GCC_DYNAMIC_NO_PIC</key>
				<string>NO</string>
				<key>GCC_NO_COMMON_BLOCKS</key>
				<string>YES</string>
				<key>GCC_OPTIMIZATION_LEVEL</key>
				<string>0</string>
				<key>GCC_PREPROCESSOR_DEFINITIONS</key>
				<array>
					<string>DEBUG=1</string>
					<string>$(inherited)</string>
				</array>
				<key>GCC_WARN_64_TO_32_BIT_CONVERSION</key>
				<string>YES</string>
				<key>GCC_WARN_ABOUT_RETURN_TYPE</key>
				<string>YES_ERROR</string>
				<key>GCC_WARN_UNDECLARED_SELECTOR</key>
				<string>YES</string>
				<key>GCC_WARN_UNINITIALIZED_AUTOS</key>
				<string>YES_AGGRESSIVE</string>
				<key>GCC_WARN_UNUSED_FUNCTION</key>
				<string>YES</string>
				<key>GCC_WARN_UNUSED_VARIABLE</key>
				<string>YES</string>
				<key>IPHONEOS_DEPLOYMENT_TARGET</key>
				<string>9.3</string>
				<key>MTL_ENABLE_DEBUG_INFO</key>
				<string>YES</string>
				<key>ONLY_ACTIVE_ARCH</key>
				<string>YES</string>
				<key>SDKROOT</key>
				<string>iphoneos</string>
				<key>SWIFT_OPTIMIZATION_LEVEL</key>
				<string>-Onone</string>
			</dict>
			<key>isa</key>
			<string>XCBuildConfiguration</string>
			<key>name</key>
			<string>Debug</string>
		</dict>
		<key>B2225DC11CD462D900989BA9</key>
		<dict>
			<key>buildSettings</key>
			<dict>
				<key>ALWAYS_SEARCH_USER_PATHS</key>
				<string>NO</string>
				<key>CLANG_ANALYZER_NONNULL</key>
				<string>YES</string>
				<key>CLANG_CXX_LANGUAGE_STANDARD</key>
				<string>gnu++0x</string>
				<key>CLANG_CXX_LIBRARY</key>
				<string>libc++</string>
				<key>CLANG_ENABLE_MODULES</key>
				<string>YES</string>
				<key>CLANG_ENABLE_OBJC_ARC</key>
				<string>YES</string>
				<key>CLANG_WARN_BOOL_CONVERSION</key>
				<string>YES</string>
				<key>CLANG_WARN_CONSTANT_CONVERSION</key>
				<string>YES</string>
				<key>CLANG_WARN_DIRECT_OBJC_ISA_USAGE</key>
				<string>YES_ERROR</string>
				<key>CLANG_WARN_EMPTY_BODY</key>
				<string>YES</string>
				<key>CLANG_WARN_ENUM_CONVERSION</key>
				<string>YES</string>
				<key>CLANG_WARN_INT_CONVERSION</key>
				<string>YES</string>
				<key>CLANG_WARN_OBJC_ROOT_CLASS</key>
				<string>YES_ERROR</string>
				<key>CLANG_WARN_UNREACHABLE_CODE</key>
				<string>YES</string>
				<key>CLANG_WARN__DUPLICATE_METHOD_MATCH</key>
				<string>YES</string>
				<key>CODE_SIGN_IDENTITY[sdk=iphoneos*]</key>
				<string>iPhone Developer</string>
				<key>COPY_PHASE_STRIP</key>
				<string>NO</string>
				<key>DEBUG_INFORMATION_FORMAT</key>
				<string>dwarf-with-dsym</string>
				<key>ENABLE_NS_ASSERTIONS</key>
				<string>NO</string>
				<key>ENABLE_STRICT_OBJC_MSGSEND</key>
				<string>YES</string>
				<key>GCC_C_LANGUAGE_STANDARD</key>
				<string>gnu99</string>
				<key>GCC_NO_COMMON_BLOCKS</key>
				<string>YES</string>
				<key>GCC_WARN_64_TO_32_BIT_CONVERSION</key>
				<string>YES</string>
				<key>GCC_WARN_ABOUT_RETURN_TYPE</key>
				<string>YES_ERROR</string>
				<key>GCC_WARN_UNDECLARED_SELECTOR</key>
				<string>YES</string>
				<key>GCC_WARN_UNINITIALIZED_AUTOS</key>
				<string>YES_AGGRESSIVE</string>
				<key>GCC_WARN_UNUSED_FUNCTION</key>
				<string>YES</string>
				<key>GCC_WARN_UNUSED_VARIABLE</key>
				<string>YES</string>
				<key>IPHONEOS_DEPLOYMENT_TARGET</key>
				<string>9.3</string>
				<key>MTL_ENABLE_DEBUG_INFO</key>
				<string>NO</string>
				<key>SDKROOT</key>
				<string>iphoneos</string>
				<key>VALIDATE_PRODUCT</key>
				<string>YES</string>
			</dict>
			<key>isa</key>
			<string>XCBuildConfiguration</string>
			<key>name</key>
			<string>Release</string>
		</dict>
		<key>B2225DC21CD462D900989BA9</key>
		<dict>
			<key>buildConfigurations</key>
			<array>
				<string>B2225DC31CD462D900989BA9</string>
				<string>B2225DC41CD462D900989BA9</string>
			</array>
			<key>defaultConfigurationIsVisible</key>
			<string>0</string>
			<key>defaultConfigurationName</key>
			<string>Release</string>
			<key>isa</key>
			<string>XCConfigurationList</string>
		</dict>
		<key>B2225DC31CD462D900989BA9</key>
		<dict>
			<key>baseConfigurationReference</key>
			<string>E77A2973560D099C824AD962</string>
			<key>buildSettings</key>
			<dict>
				<key>ASSETCATALOG_COMPILER_APPICON_NAME</key>
				<string>AppIcon</string>
				<key>CODE_SIGN_IDENTITY</key>
				<string>iPhone Developer</string>
				<key>CODE_SIGN_IDENTITY[sdk=iphoneos*]</key>
				<string>iPhone Developer</string>
				<key>DEFINES_MODULE</key>
				<string>NO</string>
				<key>FRAMEWORK_SEARCH_PATHS</key>
				<array>
					<string>$(inherited)</string>
					<string>$(PROJECT_DIR)/DEEJ</string>
				</array>
				<key>INFOPLIST_FILE</key>
				<string>DEEJ/Info.plist</string>
				<key>IPHONEOS_DEPLOYMENT_TARGET</key>
				<string>9.3</string>
				<key>LD_RUNPATH_SEARCH_PATHS</key>
				<string>$(inherited) @executable_path/Frameworks</string>
				<key>OTHER_LDFLAGS</key>
				<string>-ObjC</string>
				<key>PRODUCT_BUNDLE_IDENTIFIER</key>
				<string>PKJ.DEEJ</string>
				<key>PRODUCT_NAME</key>
				<string>$(TARGET_NAME)</string>
				<key>PROVISIONING_PROFILE</key>
				<string></string>
				<key>SWIFT_OBJC_BRIDGING_HEADER</key>
				<string>DEEJ/DEEJ-Bridging-Header.h</string>
			</dict>
			<key>isa</key>
			<string>XCBuildConfiguration</string>
			<key>name</key>
			<string>Debug</string>
		</dict>
		<key>B2225DC41CD462D900989BA9</key>
		<dict>
			<key>baseConfigurationReference</key>
			<string>BC864E84B4A3229EB2272892</string>
			<key>buildSettings</key>
			<dict>
				<key>ASSETCATALOG_COMPILER_APPICON_NAME</key>
				<string>AppIcon</string>
				<key>CODE_SIGN_IDENTITY</key>
				<string>iPhone Developer</string>
				<key>CODE_SIGN_IDENTITY[sdk=iphoneos*]</key>
				<string>iPhone Developer</string>
				<key>DEFINES_MODULE</key>
				<string>NO</string>
				<key>FRAMEWORK_SEARCH_PATHS</key>
				<array>
					<string>$(inherited)</string>
					<string>$(PROJECT_DIR)/DEEJ</string>
				</array>
				<key>INFOPLIST_FILE</key>
				<string>DEEJ/Info.plist</string>
				<key>IPHONEOS_DEPLOYMENT_TARGET</key>
				<string>9.3</string>
				<key>LD_RUNPATH_SEARCH_PATHS</key>
				<string>$(inherited) @executable_path/Frameworks</string>
				<key>OTHER_LDFLAGS</key>
				<string>-ObjC</string>
				<key>PRODUCT_BUNDLE_IDENTIFIER</key>
				<string>PKJ.DEEJ</string>
				<key>PRODUCT_NAME</key>
				<string>$(TARGET_NAME)</string>
				<key>PROVISIONING_PROFILE</key>
				<string></string>
				<key>SWIFT_OBJC_BRIDGING_HEADER</key>
				<string>DEEJ/DEEJ-Bridging-Header.h</string>
			</dict>
			<key>isa</key>
			<string>XCBuildConfiguration</string>
			<key>name</key>
			<string>Release</string>
		</dict>
		<key>B2225DC51CD4642C00989BA9</key>
		<dict>
			<key>children</key>
			<array>
				<string>B27A720E1CD5644B00DB0C10</string>
			</array>
			<key>isa</key>
			<string>PBXGroup</string>
			<key>name</key>
			<string>Frameworks</string>
			<key>sourceTree</key>
			<string>&lt;group&gt;</string>
		</dict>
		<key>B2225DC81CD4673200989BA9</key>
		<dict>
			<key>isa</key>
			<string>PBXFileReference</string>
			<key>lastKnownFileType</key>
			<string>wrapper.framework</string>
			<key>name</key>
			<string>AVFoundation.framework</string>
			<key>path</key>
			<string>System/Library/Frameworks/AVFoundation.framework</string>
			<key>sourceTree</key>
			<string>SDKROOT</string>
		</dict>
		<key>B2225DC91CD4673200989BA9</key>
		<dict>
			<key>fileRef</key>
			<string>B2225DC81CD4673200989BA9</string>
			<key>isa</key>
			<string>PBXBuildFile</string>
		</dict>
		<key>B2225DCA1CD4673B00989BA9</key>
		<dict>
			<key>isa</key>
			<string>PBXFileReference</string>
			<key>lastKnownFileType</key>
			<string>wrapper.framework</string>
			<key>name</key>
			<string>SystemConfiguration.framework</string>
			<key>path</key>
			<string>System/Library/Frameworks/SystemConfiguration.framework</string>
			<key>sourceTree</key>
			<string>SDKROOT</string>
		</dict>
		<key>B2225DCB1CD4673B00989BA9</key>
		<dict>
			<key>fileRef</key>
			<string>B2225DCA1CD4673B00989BA9</string>
			<key>isa</key>
			<string>PBXBuildFile</string>
		</dict>
		<key>B2225DCC1CD4863300989BA9</key>
		<dict>
			<key>children</key>
			<array>
				<string>B2225DD01CD486A200989BA9</string>
				<string>B2225DD11CD486A200989BA9</string>
				<string>B2225DD21CD486A200989BA9</string>
				<string>B2225DD31CD486A200989BA9</string>
			</array>
			<key>isa</key>
			<string>PBXGroup</string>
			<key>name</key>
			<string>Resources</string>
			<key>sourceTree</key>
			<string>&lt;group&gt;</string>
		</dict>
		<key>B2225DCD1CD4864700989BA9</key>
		<dict>
			<key>children</key>
			<array>
				<string>B2225DD81CD48E7800989BA9</string>
			</array>
			<key>isa</key>
			<string>PBXGroup</string>
			<key>name</key>
			<string>Model</string>
			<key>sourceTree</key>
			<string>&lt;group&gt;</string>
		</dict>
		<key>B2225DCE1CD4865000989BA9</key>
		<dict>
			<key>children</key>
			<array>
				<string>B2225DDA1CD494E900989BA9</string>
				<string>B27A72021CD54E9D00DB0C10</string>
				<string>B27A72071CD5581500DB0C10</string>
			</array>
			<key>isa</key>
			<string>PBXGroup</string>
			<key>name</key>
			<string>View</string>
			<key>sourceTree</key>
			<string>&lt;group&gt;</string>
		</dict>
		<key>B2225DCF1CD4865400989BA9</key>
		<dict>
			<key>children</key>
			<array>
				<string>B2225DB21CD462D900989BA9</string>
				<string>B27A72001CD52B8B00DB0C10</string>
				<string>B27A72091CD55FAC00DB0C10</string>
				<string>B27A72111CD5B5B800DB0C10</string>
			</array>
			<key>isa</key>
			<string>PBXGroup</string>
			<key>name</key>
			<string>Controller</string>
			<key>sourceTree</key>
			<string>&lt;group&gt;</string>
		</dict>
		<key>B2225DD01CD486A200989BA9</key>
		<dict>
			<key>isa</key>
			<string>PBXFileReference</string>
			<key>lastKnownFileType</key>
			<string>file</string>
			<key>path</key>
			<string>NotoSans-Bold.ttf</string>
			<key>sourceTree</key>
			<string>&lt;group&gt;</string>
		</dict>
		<key>B2225DD11CD486A200989BA9</key>
		<dict>
			<key>isa</key>
			<string>PBXFileReference</string>
			<key>lastKnownFileType</key>
			<string>file</string>
			<key>path</key>
			<string>NotoSans-BoldItalic.ttf</string>
			<key>sourceTree</key>
			<string>&lt;group&gt;</string>
		</dict>
		<key>B2225DD21CD486A200989BA9</key>
		<dict>
			<key>isa</key>
			<string>PBXFileReference</string>
			<key>lastKnownFileType</key>
			<string>file</string>
			<key>path</key>
			<string>NotoSans-Italic.ttf</string>
			<key>sourceTree</key>
			<string>&lt;group&gt;</string>
		</dict>
		<key>B2225DD31CD486A200989BA9</key>
		<dict>
			<key>isa</key>
			<string>PBXFileReference</string>
			<key>lastKnownFileType</key>
			<string>file</string>
			<key>path</key>
			<string>NotoSans-Regular.ttf</string>
			<key>sourceTree</key>
			<string>&lt;group&gt;</string>
		</dict>
		<key>B2225DD41CD486A200989BA9</key>
		<dict>
			<key>fileRef</key>
			<string>B2225DD01CD486A200989BA9</string>
			<key>isa</key>
			<string>PBXBuildFile</string>
		</dict>
		<key>B2225DD51CD486A200989BA9</key>
		<dict>
			<key>fileRef</key>
			<string>B2225DD11CD486A200989BA9</string>
			<key>isa</key>
			<string>PBXBuildFile</string>
		</dict>
		<key>B2225DD61CD486A200989BA9</key>
		<dict>
			<key>fileRef</key>
			<string>B2225DD21CD486A200989BA9</string>
			<key>isa</key>
			<string>PBXBuildFile</string>
		</dict>
		<key>B2225DD71CD486A200989BA9</key>
		<dict>
			<key>fileRef</key>
			<string>B2225DD31CD486A200989BA9</string>
			<key>isa</key>
			<string>PBXBuildFile</string>
		</dict>
		<key>B2225DD81CD48E7800989BA9</key>
		<dict>
			<key>fileEncoding</key>
			<string>4</string>
			<key>isa</key>
			<string>PBXFileReference</string>
			<key>lastKnownFileType</key>
			<string>sourcecode.swift</string>
			<key>path</key>
			<string>Stream.swift</string>
			<key>sourceTree</key>
			<string>&lt;group&gt;</string>
		</dict>
		<key>B2225DD91CD48E7800989BA9</key>
		<dict>
			<key>fileRef</key>
			<string>B2225DD81CD48E7800989BA9</string>
			<key>isa</key>
			<string>PBXBuildFile</string>
		</dict>
		<key>B2225DDA1CD494E900989BA9</key>
		<dict>
			<key>fileEncoding</key>
			<string>4</string>
			<key>isa</key>
			<string>PBXFileReference</string>
			<key>lastKnownFileType</key>
			<string>sourcecode.swift</string>
			<key>path</key>
			<string>StreamCell.swift</string>
			<key>sourceTree</key>
			<string>&lt;group&gt;</string>
		</dict>
		<key>B2225DDB1CD494E900989BA9</key>
		<dict>
			<key>fileRef</key>
			<string>B2225DDA1CD494E900989BA9</string>
			<key>isa</key>
			<string>PBXBuildFile</string>
		</dict>
		<key>B27A72001CD52B8B00DB0C10</key>
		<dict>
			<key>fileEncoding</key>
			<string>4</string>
			<key>isa</key>
			<string>PBXFileReference</string>
			<key>lastKnownFileType</key>
			<string>sourcecode.swift</string>
			<key>path</key>
			<string>PlayerViewController.swift</string>
			<key>sourceTree</key>
			<string>&lt;group&gt;</string>
		</dict>
		<key>B27A72011CD52B8B00DB0C10</key>
		<dict>
			<key>fileRef</key>
			<string>B27A72001CD52B8B00DB0C10</string>
			<key>isa</key>
			<string>PBXBuildFile</string>
		</dict>
		<key>B27A72021CD54E9D00DB0C10</key>
		<dict>
			<key>fileEncoding</key>
			<string>4</string>
			<key>isa</key>
			<string>PBXFileReference</string>
			<key>lastKnownFileType</key>
			<string>sourcecode.swift</string>
			<key>path</key>
			<string>MaterialView.swift</string>
			<key>sourceTree</key>
			<string>&lt;group&gt;</string>
		</dict>
		<key>B27A72031CD54E9D00DB0C10</key>
		<dict>
			<key>fileRef</key>
			<string>B27A72021CD54E9D00DB0C10</string>
			<key>isa</key>
			<string>PBXBuildFile</string>
		</dict>
		<key>B27A72041CD557A500DB0C10</key>
		<dict>
			<key>children</key>
			<array>
				<string>B27A72051CD557BD00DB0C10</string>
			</array>
			<key>isa</key>
			<string>PBXGroup</string>
			<key>name</key>
			<string>Utilities</string>
			<key>sourceTree</key>
			<string>&lt;group&gt;</string>
		</dict>
		<key>B27A72051CD557BD00DB0C10</key>
		<dict>
			<key>fileEncoding</key>
			<string>4</string>
			<key>isa</key>
			<string>PBXFileReference</string>
			<key>lastKnownFileType</key>
			<string>sourcecode.swift</string>
			<key>path</key>
			<string>Constants.swift</string>
			<key>sourceTree</key>
			<string>&lt;group&gt;</string>
		</dict>
		<key>B27A72061CD557BD00DB0C10</key>
		<dict>
			<key>fileRef</key>
			<string>B27A72051CD557BD00DB0C10</string>
			<key>isa</key>
			<string>PBXBuildFile</string>
		</dict>
		<key>B27A72071CD5581500DB0C10</key>
		<dict>
			<key>fileEncoding</key>
			<string>4</string>
			<key>isa</key>
			<string>PBXFileReference</string>
			<key>lastKnownFileType</key>
			<string>sourcecode.swift</string>
			<key>path</key>
			<string>MaterialButton.swift</string>
			<key>sourceTree</key>
			<string>&lt;group&gt;</string>
		</dict>
		<key>B27A72081CD5581500DB0C10</key>
		<dict>
			<key>fileRef</key>
			<string>B27A72071CD5581500DB0C10</string>
			<key>isa</key>
			<string>PBXBuildFile</string>
		</dict>
		<key>B27A72091CD55FAC00DB0C10</key>
		<dict>
			<key>fileEncoding</key>
			<string>4</string>
			<key>isa</key>
			<string>PBXFileReference</string>
			<key>lastKnownFileType</key>
			<string>sourcecode.swift</string>
			<key>path</key>
			<string>LoginVC.swift</string>
			<key>sourceTree</key>
			<string>&lt;group&gt;</string>
		</dict>
		<key>B27A720A1CD55FAC00DB0C10</key>
		<dict>
			<key>fileRef</key>
			<string>B27A72091CD55FAC00DB0C10</string>
			<key>isa</key>
			<string>PBXBuildFile</string>
		</dict>
		<key>B27A720E1CD5644B00DB0C10</key>
		<dict>
			<key>isa</key>
			<string>PBXFileReference</string>
			<key>lastKnownFileType</key>
			<string>wrapper.framework</string>
			<key>path</key>
			<string>Spotify.framework</string>
			<key>sourceTree</key>
			<string>&lt;group&gt;</string>
		</dict>
		<key>B27A720F1CD5644B00DB0C10</key>
		<dict>
			<key>fileRef</key>
			<string>B27A720E1CD5644B00DB0C10</string>
			<key>isa</key>
			<string>PBXBuildFile</string>
		</dict>
		<key>B27A72101CD5655500DB0C10</key>
		<dict>
			<key>fileEncoding</key>
			<string>4</string>
			<key>isa</key>
			<string>PBXFileReference</string>
			<key>lastKnownFileType</key>
			<string>sourcecode.c.h</string>
			<key>path</key>
			<string>DEEJ-Bridging-Header.h</string>
			<key>sourceTree</key>
			<string>&lt;group&gt;</string>
		</dict>
		<key>B27A72111CD5B5B800DB0C10</key>
		<dict>
			<key>fileEncoding</key>
			<string>4</string>
			<key>isa</key>
			<string>PBXFileReference</string>
			<key>lastKnownFileType</key>
			<string>sourcecode.swift</string>
			<key>path</key>
			<string>DJorBrowseVC.swift</string>
			<key>sourceTree</key>
			<string>&lt;group&gt;</string>
		</dict>
		<key>B27A72121CD5B5B800DB0C10</key>
		<dict>
			<key>fileRef</key>
			<string>B27A72111CD5B5B800DB0C10</string>
			<key>isa</key>
			<string>PBXBuildFile</string>
		</dict>
		<key>BAC97AFE4C9ABEE757E568AB</key>
		<dict>
			<key>buildActionMask</key>
			<string>2147483647</string>
			<key>files</key>
			<array/>
			<key>inputPaths</key>
			<array/>
			<key>isa</key>
			<string>PBXShellScriptBuildPhase</string>
			<key>name</key>
			<string>Copy Pods Resources</string>
			<key>outputPaths</key>
			<array/>
			<key>runOnlyForDeploymentPostprocessing</key>
			<string>0</string>
			<key>shellPath</key>
			<string>/bin/sh</string>
			<key>shellScript</key>
			<string>"${SRCROOT}/Pods/Target Support Files/Pods-DEEJ/Pods-DEEJ-resources.sh"
</string>
			<key>showEnvVarsInLog</key>
			<string>0</string>
		</dict>
		<key>BC352F838EB56CAAB9B92C64</key>
		<dict>
			<key>fileRef</key>
			<string>CFADAB34EE1AC2085035BC12</string>
			<key>isa</key>
			<string>PBXBuildFile</string>
		</dict>
		<key>BC864E84B4A3229EB2272892</key>
		<dict>
			<key>includeInIndex</key>
			<string>1</string>
			<key>isa</key>
			<string>PBXFileReference</string>
			<key>lastKnownFileType</key>
			<string>text.xcconfig</string>
			<key>name</key>
			<string>Pods-DEEJ.release.xcconfig</string>
			<key>path</key>
			<string>Pods/Target Support Files/Pods-DEEJ/Pods-DEEJ.release.xcconfig</string>
			<key>sourceTree</key>
			<string>&lt;group&gt;</string>
		</dict>
		<key>C4F7FF6B5AF5317AA18355AB</key>
		<dict>
			<key>buildActionMask</key>
			<string>2147483647</string>
			<key>files</key>
			<array/>
			<key>inputPaths</key>
			<array/>
			<key>isa</key>
			<string>PBXShellScriptBuildPhase</string>
			<key>name</key>
			<string>Check Pods Manifest.lock</string>
			<key>outputPaths</key>
			<array/>
			<key>runOnlyForDeploymentPostprocessing</key>
			<string>0</string>
			<key>shellPath</key>
			<string>/bin/sh</string>
			<key>shellScript</key>
			<string>diff "${PODS_ROOT}/../Podfile.lock" "${PODS_ROOT}/Manifest.lock" &gt; /dev/null
if [[ $? != 0 ]] ; then
    cat &lt;&lt; EOM
error: The sandbox is not in sync with the Podfile.lock. Run 'pod install' or update your CocoaPods installation.
EOM
    exit 1
fi
</string>
			<key>showEnvVarsInLog</key>
			<string>0</string>
		</dict>
		<key>CFADAB34EE1AC2085035BC12</key>
		<dict>
			<key>explicitFileType</key>
			<string>wrapper.framework</string>
			<key>includeInIndex</key>
			<string>0</string>
			<key>isa</key>
			<string>PBXFileReference</string>
			<key>path</key>
			<string>Pods_DEEJ.framework</string>
			<key>sourceTree</key>
			<string>BUILT_PRODUCTS_DIR</string>
		</dict>
		<key>E77A2973560D099C824AD962</key>
		<dict>
			<key>includeInIndex</key>
			<string>1</string>
			<key>isa</key>
			<string>PBXFileReference</string>
			<key>lastKnownFileType</key>
			<string>text.xcconfig</string>
			<key>name</key>
			<string>Pods-DEEJ.debug.xcconfig</string>
			<key>path</key>
			<string>Pods/Target Support Files/Pods-DEEJ/Pods-DEEJ.debug.xcconfig</string>
			<key>sourceTree</key>
			<string>&lt;group&gt;</string>
		</dict>
		<key>F4FA3BA5FC4FFBE8AFFFBC44</key>
		<dict>
			<key>children</key>
			<array>
				<string>E77A2973560D099C824AD962</string>
				<string>BC864E84B4A3229EB2272892</string>
			</array>
			<key>isa</key>
			<string>PBXGroup</string>
			<key>name</key>
			<string>Pods</string>
			<key>sourceTree</key>
			<string>&lt;group&gt;</string>
		</dict>
	</dict>
	<key>rootObject</key>
	<string>B2225DA51CD462D900989BA9</string>
</dict>
</plist>
